
Microsoft Visual Studio Solution File, Format Version 12.00
# Visual Studio 2013
VisualStudioVersion = 12.0.40629.0
MinimumVisualStudioVersion = 10.0.40219.1
Project("{FAE04EC0-301F-11D3-BF4B-00C04F79EFBC}") = "autodemo", "autodemo\autodemo.csproj", "{068AA4DC-AE8B-47E5-AE94-CB3419DDA2D1}"
EndProject
Project("{2150E333-8FDC-42A3-9474-1A3956D46DE8}") = ".nuget", ".nuget", "{44879B89-97D4-418E-A79F-2B79AFBFC773}"
	ProjectSection(SolutionItems) = preProject
		.nuget\packages.config = .nuget\packages.config
	EndProjectSection
EndProject
Global
	GlobalSection(SolutionConfigurationPlatforms) = preSolution
		Debug|Any CPU = Debug|Any CPU
		Release|Any CPU = Release|Any CPU
	EndGlobalSection
	GlobalSection(ProjectConfigurationPlatforms) = postSolution
		{068AA4DC-AE8B-47E5-AE94-CB3419DDA2D1}.Debug|Any CPU.ActiveCfg = Debug|Any CPU
		{068AA4DC-AE8B-47E5-AE94-CB3419DDA2D1}.Debug|Any CPU.Build.0 = Debug|Any CPU
		{068AA4DC-AE8B-47E5-AE94-CB3419DDA2D1}.Release|Any CPU.ActiveCfg = Release|Any CPU
		{068AA4DC-AE8B-47E5-AE94-CB3419DDA2D1}.Release|Any CPU.Build.0 = Release|Any CPU
	EndGlobalSection
	GlobalSection(SolutionProperties) = preSolution
		HideSolutionNode = FALSE
	EndGlobalSection
EndGlobal
